
Microsoft Visual Studio Solution File, Format Version 12.00
# Visual Studio Version 17
VisualStudioVersion = 17.14.36908.2
MinimumVisualStudioVersion = 10.0.40219.1
Project("{8BC9CEB8-8B4A-11D0-8D11-00A0C91BC942}") = "task01", "task01\task01.vcxproj", "{76EB3F67-E35F-4419-874C-1CEB527BFAE9}"
EndProject
Project("{8BC9CEB8-8B4A-11D0-8D11-00A0C91BC942}") = "task02", "task02\task02.vcxproj", "{5CD87216-289E-4811-8DD7-98A03D41DC5C}"
EndProject
Project("{8BC9CEB8-8B4A-11D0-8D11-00A0C91BC942}") = "task03", "task03\task03.vcxproj", "{038D3940-BD3B-476D-B617-D1409D136470}"
EndProject
Project("{8BC9CEB8-8B4A-11D0-8D11-00A0C91BC942}") = "task04", "task04\task04.vcxproj", "{A8A75F4E-0DA1-409F-A585-ACB1D67B1D01}"
EndProject
Global
	GlobalSection(SolutionConfigurationPlatforms) = preSolution
		Debug|x64 = Debug|x64
		Debug|x86 = Debug|x86
		Release|x64 = Release|x64
		Release|x86 = Release|x86
	EndGlobalSection
	GlobalSection(ProjectConfigurationPlatforms) = postSolution
		{76EB3F67-E35F-4419-874C-1CEB527BFAE9}.Debug|x64.ActiveCfg = Debug|x64
		{76EB3F67-E35F-4419-874C-1CEB527BFAE9}.Debug|x64.Build.0 = Debug|x64
		{76EB3F67-E35F-4419-874C-1CEB527BFAE9}.Debug|x86.ActiveCfg = Debug|Win32
		{76EB3F67-E35F-4419-874C-1CEB527BFAE9}.Debug|x86.Build.0 = Debug|Win32
		{76EB3F67-E35F-4419-874C-1CEB527BFAE9}.Release|x64.ActiveCfg = Release|x64
		{76EB3F67-E35F-4419-874C-1CEB527BFAE9}.Release|x64.Build.0 = Release|x64
		{76EB3F67-E35F-4419-874C-1CEB527BFAE9}.Release|x86.ActiveCfg = Release|Win32
		{76EB3F67-E35F-4419-874C-1CEB527BFAE9}.Release|x86.Build.0 = Release|Win32
		{5CD87216-289E-4811-8DD7-98A03D41DC5C}.Debug|x64.ActiveCfg = Debug|x64
		{5CD87216-289E-4811-8DD7-98A03D41DC5C}.Debug|x64.Build.0 = Debug|x64
		{5CD87216-289E-4811-8DD7-98A03D41DC5C}.Debug|x86.ActiveCfg = Debug|Win32
		{5CD87216-289E-4811-8DD7-98A03D41DC5C}.Debug|x86.Build.0 = Debug|Win32
		{5CD87216-289E-4811-8DD7-98A03D41DC5C}.Release|x64.ActiveCfg = Release|x64
		{5CD87216-289E-4811-8DD7-98A03D41DC5C}.Release|x64.Build.0 = Release|x64
		{5CD87216-289E-4811-8DD7-98A03D41DC5C}.Release|x86.ActiveCfg = Release|Win32
		{5CD87216-289E-4811-8DD7-98A03D41DC5C}.Release|x86.Build.0 = Release|Win32
		{038D3940-BD3B-476D-B617-D1409D136470}.Debug|x64.ActiveCfg = Debug|x64
		{038D3940-BD3B-476D-B617-D1409D136470}.Debug|x64.Build.0 = Debug|x64
		{038D3940-BD3B-476D-B617-D1409D136470}.Debug|x86.ActiveCfg = Debug|Win32
		{038D3940-BD3B-476D-B617-D1409D136470}.Debug|x86.Build.0 = Debug|Win32
		{038D3940-BD3B-476D-B617-D1409D136470}.Release|x64.ActiveCfg = Release|x64
		{038D3940-BD3B-476D-B617-D1409D136470}.Release|x64.Build.0 = Release|x64
		{038D3940-BD3B-476D-B617-D1409D136470}.Release|x86.ActiveCfg = Release|Win32
		{038D3940-BD3B-476D-B617-D1409D136470}.Release|x86.Build.0 = Release|Win32
		{A8A75F4E-0DA1-409F-A585-ACB1D67B1D01}.Debug|x64.ActiveCfg = Debug|x64
		{A8A75F4E-0DA1-409F-A585-ACB1D67B1D01}.Debug|x64.Build.0 = Debug|x64
		{A8A75F4E-0DA1-409F-A585-ACB1D67B1D01}.Debug|x86.ActiveCfg = Debug|Win32
		{A8A75F4E-0DA1-409F-A585-ACB1D67B1D01}.Debug|x86.Build.0 = Debug|Win32
		{A8A75F4E-0DA1-409F-A585-ACB1D67B1D01}.Release|x64.ActiveCfg = Release|x64
		{A8A75F4E-0DA1-409F-A585-ACB1D67B1D01}.Release|x64.Build.0 = Release|x64
		{A8A75F4E-0DA1-409F-A585-ACB1D67B1D01}.Release|x86.ActiveCfg = Release|Win32
		{A8A75F4E-0DA1-409F-A585-ACB1D67B1D01}.Release|x86.Build.0 = Release|Win32
	EndGlobalSection
	GlobalSection(SolutionProperties) = preSolution
		HideSolutionNode = FALSE
	EndGlobalSection
	GlobalSection(ExtensibilityGlobals) = postSolution
		SolutionGuid = {B463941A-D100-41FA-BED2-919C77CFB8F4}
	EndGlobalSection
EndGlobal
